github.com/amit-rajawat/my-library v1.0.0-prod h1:84PH85mEIeA/2P3N+6VbuiKgiLZHZAN5r6kDbHgbOHs=
github.com/amit-rajawat/my-library v1.0.0-prod/go.mod h1:31d/bpfOrSn8HaUwt3xGGjKg7DwJ995L0AMeLzzd2ys=
github.com/amit-rajawat/my-library v1.0.0 h1:RmlKP3xH2oqwQ/vBSgw9zdrFGx/yeIQ4S75pEEww2jQ=
github.com/amit-rajawat/my-library v1.0.0/go.mod h1:31d/bpfOrSn8HaUwt3xGGjKg7DwJ995L0AMeLzzd2ys=
